
Microsoft Visual Studio Solution File, Format Version 12.00
# Visual Studio Version 17
VisualStudioVersion = 17.1.32210.238
MinimumVisualStudioVersion = 10.0.40219.1
Project("{9A19103F-16F7-4668-BE54-9A1E7A4F7556}") = "ADOPM3_08_01", "ADOPM3_08_01\ADOPM3_08_01.csproj", "{21F1E2D1-35FA-48C8-834D-C4C28AC83D1B}"
EndProject
Project("{9A19103F-16F7-4668-BE54-9A1E7A4F7556}") = "ADOPM3_08_02", "ADOPM3_08_02\ADOPM3_08_02.csproj", "{FDBE5042-4FAA-4D3C-BDEB-BD7CA6BA52ED}"
EndProject
Project("{FAE04EC0-301F-11D3-BF4B-00C04F79EFBC}") = "ADOPM3_08_03", "ADOPM3_08_03\ADOPM3_08_03.csproj", "{7327E4F0-C166-4827-9CF5-595F3773321F}"
EndProject
Project("{9A19103F-16F7-4668-BE54-9A1E7A4F7556}") = "ADOPM3_08_04", "ADOPM3_08_04\ADOPM3_08_04.csproj", "{1C549F30-E284-4F19-B132-8809E07C9E97}"
EndProject
Project("{9A19103F-16F7-4668-BE54-9A1E7A4F7556}") = "ADOPM3_08_05", "ADOPM3_08_05\ADOPM3_08_05.csproj", "{D95485FE-FCD1-4570-8880-E6B72CA5FCA7}"
EndProject
Project("{FAE04EC0-301F-11D3-BF4B-00C04F79EFBC}") = "ADOPM3_08_06", "ADOPM3_08_06\ADOPM3_08_06.csproj", "{F9A8F2FE-16D4-4C1C-8002-3AFD116784A0}"
EndProject
Project("{FAE04EC0-301F-11D3-BF4B-00C04F79EFBC}") = "ADOPM3_08_04a", "ADOPM3_08_04a\ADOPM3_08_04a.csproj", "{4FCD3E00-A728-4549-A17A-BC97D8ED3739}"
EndProject
Global
	GlobalSection(SolutionConfigurationPlatforms) = preSolution
		Debug|Any CPU = Debug|Any CPU
		Release|Any CPU = Release|Any CPU
	EndGlobalSection
	GlobalSection(ProjectConfigurationPlatforms) = postSolution
		{21F1E2D1-35FA-48C8-834D-C4C28AC83D1B}.Debug|Any CPU.ActiveCfg = Debug|Any CPU
		{21F1E2D1-35FA-48C8-834D-C4C28AC83D1B}.Debug|Any CPU.Build.0 = Debug|Any CPU
		{21F1E2D1-35FA-48C8-834D-C4C28AC83D1B}.Release|Any CPU.ActiveCfg = Release|Any CPU
		{21F1E2D1-35FA-48C8-834D-C4C28AC83D1B}.Release|Any CPU.Build.0 = Release|Any CPU
		{FDBE5042-4FAA-4D3C-BDEB-BD7CA6BA52ED}.Debug|Any CPU.ActiveCfg = Debug|Any CPU
		{FDBE5042-4FAA-4D3C-BDEB-BD7CA6BA52ED}.Debug|Any CPU.Build.0 = Debug|Any CPU
		{FDBE5042-4FAA-4D3C-BDEB-BD7CA6BA52ED}.Release|Any CPU.ActiveCfg = Release|Any CPU
		{FDBE5042-4FAA-4D3C-BDEB-BD7CA6BA52ED}.Release|Any CPU.Build.0 = Release|Any CPU
		{7327E4F0-C166-4827-9CF5-595F3773321F}.Debug|Any CPU.ActiveCfg = Debug|Any CPU
		{7327E4F0-C166-4827-9CF5-595F3773321F}.Debug|Any CPU.Build.0 = Debug|Any CPU
		{7327E4F0-C166-4827-9CF5-595F3773321F}.Release|Any CPU.ActiveCfg = Release|Any CPU
		{7327E4F0-C166-4827-9CF5-595F3773321F}.Release|Any CPU.Build.0 = Release|Any CPU
		{1C549F30-E284-4F19-B132-8809E07C9E97}.Debug|Any CPU.ActiveCfg = Debug|Any CPU
		{1C549F30-E284-4F19-B132-8809E07C9E97}.Debug|Any CPU.Build.0 = Debug|Any CPU
		{1C549F30-E284-4F19-B132-8809E07C9E97}.Release|Any CPU.ActiveCfg = Release|Any CPU
		{1C549F30-E284-4F19-B132-8809E07C9E97}.Release|Any CPU.Build.0 = Release|Any CPU
		{D95485FE-FCD1-4570-8880-E6B72CA5FCA7}.Debug|Any CPU.ActiveCfg = Debug|Any CPU
		{D95485FE-FCD1-4570-8880-E6B72CA5FCA7}.Debug|Any CPU.Build.0 = Debug|Any CPU
		{D95485FE-FCD1-4570-8880-E6B72CA5FCA7}.Release|Any CPU.ActiveCfg = Release|Any CPU
		{D95485FE-FCD1-4570-8880-E6B72CA5FCA7}.Release|Any CPU.Build.0 = Release|Any CPU
		{F9A8F2FE-16D4-4C1C-8002-3AFD116784A0}.Debug|Any CPU.ActiveCfg = Debug|Any CPU
		{F9A8F2FE-16D4-4C1C-8002-3AFD116784A0}.Debug|Any CPU.Build.0 = Debug|Any CPU
		{F9A8F2FE-16D4-4C1C-8002-3AFD116784A0}.Release|Any CPU.ActiveCfg = Release|Any CPU
		{F9A8F2FE-16D4-4C1C-8002-3AFD116784A0}.Release|Any CPU.Build.0 = Release|Any CPU
		{4FCD3E00-A728-4549-A17A-BC97D8ED3739}.Debug|Any CPU.ActiveCfg = Debug|Any CPU
		{4FCD3E00-A728-4549-A17A-BC97D8ED3739}.Debug|Any CPU.Build.0 = Debug|Any CPU
		{4FCD3E00-A728-4549-A17A-BC97D8ED3739}.Release|Any CPU.ActiveCfg = Release|Any CPU
		{4FCD3E00-A728-4549-A17A-BC97D8ED3739}.Release|Any CPU.Build.0 = Release|Any CPU
	EndGlobalSection
	GlobalSection(SolutionProperties) = preSolution
		HideSolutionNode = FALSE
	EndGlobalSection
	GlobalSection(ExtensibilityGlobals) = postSolution
		SolutionGuid = {67F5402F-98D9-45C5-B96F-D3275B50D588}
	EndGlobalSection
EndGlobal
